
Microsoft Visual Studio Solution File, Format Version 12.00
# Visual Studio Version 16
VisualStudioVersion = 16.0.31702.278
MinimumVisualStudioVersion = 10.0.40219.1
Project("{9A19103F-16F7-4668-BE54-9A1E7A4F7556}") = "cakefactory", "cakefactory.csproj", "{54764404-3107-4249-B14C-54759B2C8522}"
EndProject
Project("{9A19103F-16F7-4668-BE54-9A1E7A4F7556}") = "cakefactoryTests", "..\cakefactoryTests\cakefactoryTests.csproj", "{1514B06C-32A2-4975-934A-CEAED68BC990}"
EndProject
Global
	GlobalSection(SolutionConfigurationPlatforms) = preSolution
		Debug|Any CPU = Debug|Any CPU
		Release|Any CPU = Release|Any CPU
	EndGlobalSection
	GlobalSection(ProjectConfigurationPlatforms) = postSolution
		{54764404-3107-4249-B14C-54759B2C8522}.Debug|Any CPU.ActiveCfg = Debug|Any CPU
		{54764404-3107-4249-B14C-54759B2C8522}.Debug|Any CPU.Build.0 = Debug|Any CPU
		{54764404-3107-4249-B14C-54759B2C8522}.Release|Any CPU.ActiveCfg = Release|Any CPU
		{54764404-3107-4249-B14C-54759B2C8522}.Release|Any CPU.Build.0 = Release|Any CPU
	EndGlobalSection
	GlobalSection(SolutionProperties) = preSolution
		HideSolutionNode = FALSE
	EndGlobalSection
	GlobalSection(ExtensibilityGlobals) = postSolution
		SolutionGuid = {E64E369E-391F-426F-AF9F-349B01064371}
	EndGlobalSection
EndGlobal
